
Microsoft Visual Studio Solution File, Format Version 12.00
# Visual Studio 14
VisualStudioVersion = 14.0.25123.0
MinimumVisualStudioVersion = 10.0.40219.1
Project("{FAE04EC0-301F-11D3-BF4B-00C04F79EFBC}") = "MockExam1-carOwner", "MockExam1-carOwner\MockExam1-carOwner.csproj", "{47C327C1-BC4E-40C8-9D11-5D6C6BE3552D}"
EndProject
Project("{FAE04EC0-301F-11D3-BF4B-00C04F79EFBC}") = "MockExam1-carOwnerTests", "MockExam1-carOwnerTests\MockExam1-carOwnerTests.csproj", "{F869FBE6-68DE-488A-8387-179ABE3CA019}"
EndProject
Global
	GlobalSection(SolutionConfigurationPlatforms) = preSolution
		Debug|Any CPU = Debug|Any CPU
		Release|Any CPU = Release|Any CPU
	EndGlobalSection
	GlobalSection(ProjectConfigurationPlatforms) = postSolution
		{47C327C1-BC4E-40C8-9D11-5D6C6BE3552D}.Debug|Any CPU.ActiveCfg = Debug|Any CPU
		{47C327C1-BC4E-40C8-9D11-5D6C6BE3552D}.Debug|Any CPU.Build.0 = Debug|Any CPU
		{47C327C1-BC4E-40C8-9D11-5D6C6BE3552D}.Release|Any CPU.ActiveCfg = Release|Any CPU
		{47C327C1-BC4E-40C8-9D11-5D6C6BE3552D}.Release|Any CPU.Build.0 = Release|Any CPU
		{F869FBE6-68DE-488A-8387-179ABE3CA019}.Debug|Any CPU.ActiveCfg = Debug|Any CPU
		{F869FBE6-68DE-488A-8387-179ABE3CA019}.Debug|Any CPU.Build.0 = Debug|Any CPU
		{F869FBE6-68DE-488A-8387-179ABE3CA019}.Release|Any CPU.ActiveCfg = Release|Any CPU
		{F869FBE6-68DE-488A-8387-179ABE3CA019}.Release|Any CPU.Build.0 = Release|Any CPU
	EndGlobalSection
	GlobalSection(SolutionProperties) = preSolution
		HideSolutionNode = FALSE
	EndGlobalSection
EndGlobal
